// !$*UTF8*$!
{
	archiveVersion = 1;
	classes = {
	};
	objectVersion = 46;
	objects = {

/* Begin PBXBuildFile section */
		B55E93B51BC4C86D002E67EF /* main.m in Sources */ = {isa = PBXBuildFile; fileRef = B55E93B41BC4C86D002E67EF /* main.m */; };
		B55E93B81BC4C86D002E67EF /* AppDelegate.m in Sources */ = {isa = PBXBuildFile; fileRef = B55E93B71BC4C86D002E67EF /* AppDelegate.m */; };
		B55E93C31BC4C86D002E67EF /* Main.storyboard in Resources */ = {isa = PBXBuildFile; fileRef = B55E93C11BC4C86D002E67EF /* Main.storyboard */; };
		B55E93C51BC4C86D002E67EF /* Images.xcassets in Resources */ = {isa = PBXBuildFile; fileRef = B55E93C41BC4C86D002E67EF /* Images.xcassets */; };
		B55E93C81BC4C86D002E67EF /* LaunchScreen.xib in Resources */ = {isa = PBXBuildFile; fileRef = B55E93C61BC4C86D002E67EF /* LaunchScreen.xib */; };
		B55E93D41BC4C86D002E67EF /* Try_Infinity_DodgeTests.m in Sources */ = {isa = PBXBuildFile; fileRef = B55E93D31BC4C86D002E67EF /* Try_Infinity_DodgeTests.m */; };
		B55E94DE1BC53BCB002E67EF /* GameCenterUtil.m in Sources */ = {isa = PBXBuildFile; fileRef = B55E94C51BC53BCA002E67EF /* GameCenterUtil.m */; };
		B55E94DF1BC53BCB002E67EF /* MyUtils.m in Sources */ = {isa = PBXBuildFile; fileRef = B55E94C71BC53BCA002E67EF /* MyUtils.m */; };
		B55E94E01BC53BCB002E67EF /* MyADView.m in Sources */ = {isa = PBXBuildFile; fileRef = B55E94C91BC53BCA002E67EF /* MyADView.m */; };
		B55E94E11BC53BCB002E67EF /* BitmapUtil.m in Sources */ = {isa = PBXBuildFile; fileRef = B55E94CB1BC53BCA002E67EF /* BitmapUtil.m */; };
		B55E94E21BC53BCB002E67EF /* CommonUtil.m in Sources */ = {isa = PBXBuildFile; fileRef = B55E94CD1BC53BCA002E67EF /* CommonUtil.m */; };
		B55E94E31BC53BCB002E67EF /* GameScene.m in Sources */ = {isa = PBXBuildFile; fileRef = B55E94CF1BC53BCA002E67EF /* GameScene.m */; };
		B55E94E41BC53BCB002E67EF /* GameScene.sks in Resources */ = {isa = PBXBuildFile; fileRef = B55E94D01BC53BCA002E67EF /* GameScene.sks */; };
		B55E94E51BC53BCB002E67EF /* MyScene.m in Sources */ = {isa = PBXBuildFile; fileRef = B55E94D21BC53BCB002E67EF /* MyScene.m */; };
		B55E94E61BC53BCB002E67EF /* ViewController.m in Sources */ = {isa = PBXBuildFile; fileRef = B55E94D41BC53BCB002E67EF /* ViewController.m */; };
		B55E94E71BC53BCB002E67EF /* GameMenuViewController.m in Sources */ = {isa = PBXBuildFile; fileRef = B55E94D61BC53BCB002E67EF /* GameMenuViewController.m */; };
		B55E94E81BC53BCB002E67EF /* GameViewController.m in Sources */ = {isa = PBXBuildFile; fileRef = B55E94D81BC53BCB002E67EF /* GameViewController.m */; };
		B55E94E91BC53BCB002E67EF /* TextureHelper.m in Sources */ = {isa = PBXBuildFile; fileRef = B55E94DA1BC53BCB002E67EF /* TextureHelper.m */; };
		B55E94EA1BC53BCB002E67EF /* SKBlade.m in Sources */ = {isa = PBXBuildFile; fileRef = B55E94DC1BC53BCB002E67EF /* SKBlade.m */; };
		B55E94EB1BC53BCB002E67EF /* Main.storyboard in Resources */ = {isa = PBXBuildFile; fileRef = B55E94DD1BC53BCB002E67EF /* Main.storyboard */; };
/* End PBXBuildFile section */

/* Begin PBXContainerItemProxy section */
		B55E93CE1BC4C86D002E67EF /* PBXContainerItemProxy */ = {
			isa = PBXContainerItemProxy;
			containerPortal = B55E93A71BC4C86D002E67EF /* Project object */;
			proxyType = 1;
			remoteGlobalIDString = B55E93AE1BC4C86D002E67EF;
			remoteInfo = Try_Infinity_Dodge;
		};
/* End PBXContainerItemProxy section */

/* Begin PBXFileReference section */
		B55E93AF1BC4C86D002E67EF /* Try_Infinity_Dodge.app */ = {isa = PBXFileReference; explicitFileType = wrapper.application; includeInIndex = 0; path = Try_Infinity_Dodge.app; sourceTree = BUILT_PRODUCTS_DIR; };
		B55E93B31BC4C86D002E67EF /* Info.plist */ = {isa = PBXFileReference; lastKnownFileType = text.plist.xml; path = Info.plist; sourceTree = "<group>"; };
		B55E93B41BC4C86D002E67EF /* main.m */ = {isa = PBXFileReference; lastKnownFileType = sourcecode.c.objc; path = main.m; sourceTree = "<group>"; };
		B55E93B61BC4C86D002E67EF /* AppDelegate.h */ = {isa = PBXFileReference; lastKnownFileType = sourcecode.c.h; path = AppDelegate.h; sourceTree = "<group>"; };
		B55E93B71BC4C86D002E67EF /* AppDelegate.m */ = {isa = PBXFileReference; lastKnownFileType = sourcecode.c.objc; path = AppDelegate.m; sourceTree = "<group>"; };
		B55E93C21BC4C86D002E67EF /* Base */ = {isa = PBXFileReference; lastKnownFileType = file.storyboard; name = Base; path = Base.lproj/Main.storyboard; sourceTree = "<group>"; };
		B55E93C41BC4C86D002E67EF /* Images.xcassets */ = {isa = PBXFileReference; lastKnownFileType = folder.assetcatalog; path = Images.xcassets; sourceTree = "<group>"; };
		B55E93C71BC4C86D002E67EF /* Base */ = {isa = PBXFileReference; lastKnownFileType = file.xib; name = Base; path = Base.lproj/LaunchScreen.xib; sourceTree = "<group>"; };
		B55E93CD1BC4C86D002E67EF /* Try_Infinity_DodgeTests.xctest */ = {isa = PBXFileReference; explicitFileType = wrapper.cfbundle; includeInIndex = 0; path = Try_Infinity_DodgeTests.xctest; sourceTree = BUILT_PRODUCTS_DIR; };
		B55E93D21BC4C86D002E67EF /* Info.plist */ = {isa = PBXFileReference; lastKnownFileType = text.plist.xml; path = Info.plist; sourceTree = "<group>"; };
		B55E93D31BC4C86D002E67EF /* Try_Infinity_DodgeTests.m */ = {isa = PBXFileReference; lastKnownFileType = sourcecode.c.objc; path = Try_Infinity_DodgeTests.m; sourceTree = "<group>"; };
		B55E94C41BC53BCA002E67EF /* GameCenterUtil.h */ = {isa = PBXFileReference; fileEncoding = 4; lastKnownFileType = sourcecode.c.h; path = GameCenterUtil.h; sourceTree = "<group>"; };
		B55E94C51BC53BCA002E67EF /* GameCenterUtil.m */ = {isa = PBXFileReference; fileEncoding = 4; lastKnownFileType = sourcecode.c.objc; path = GameCenterUtil.m; sourceTree = "<group>"; };
		B55E94C61BC53BCA002E67EF /* MyUtils.h */ = {isa = PBXFileReference; fileEncoding = 4; lastKnownFileType = sourcecode.c.h; path = MyUtils.h; sourceTree = "<group>"; };
		B55E94C71BC53BCA002E67EF /* MyUtils.m */ = {isa = PBXFileReference; fileEncoding = 4; lastKnownFileType = sourcecode.c.objc; path = MyUtils.m; sourceTree = "<group>"; };
		B55E94C81BC53BCA002E67EF /* MyADView.h */ = {isa = PBXFileReference; fileEncoding = 4; lastKnownFileType = sourcecode.c.h; path = MyADView.h; sourceTree = "<group>"; };
		B55E94C91BC53BCA002E67EF /* MyADView.m */ = {isa = PBXFileReference; fileEncoding = 4; lastKnownFileType = sourcecode.c.objc; path = MyADView.m; sourceTree = "<group>"; };
		B55E94CA1BC53BCA002E67EF /* BitmapUtil.h */ = {isa = PBXFileReference; fileEncoding = 4; lastKnownFileType = sourcecode.c.h; path = BitmapUtil.h; sourceTree = "<group>"; };
		B55E94CB1BC53BCA002E67EF /* BitmapUtil.m */ = {isa = PBXFileReference; fileEncoding = 4; lastKnownFileType = sourcecode.c.objc; path = BitmapUtil.m; sourceTree = "<group>"; };
		B55E94CC1BC53BCA002E67EF /* CommonUtil.h */ = {isa = PBXFileReference; fileEncoding = 4; lastKnownFileType = sourcecode.c.h; path = CommonUtil.h; sourceTree = "<group>"; };
		B55E94CD1BC53BCA002E67EF /* CommonUtil.m */ = {isa = PBXFileReference; fileEncoding = 4; lastKnownFileType = sourcecode.c.objc; path = CommonUtil.m; sourceTree = "<group>"; };
		B55E94CE1BC53BCA002E67EF /* GameScene.h */ = {isa = PBXFileReference; fileEncoding = 4; lastKnownFileType = sourcecode.c.h; path = GameScene.h; sourceTree = "<group>"; };
		B55E94CF1BC53BCA002E67EF /* GameScene.m */ = {isa = PBXFileReference; fileEncoding = 4; lastKnownFileType = sourcecode.c.objc; path = GameScene.m; sourceTree = "<group>"; };
		B55E94D01BC53BCA002E67EF /* GameScene.sks */ = {isa = PBXFileReference; lastKnownFileType = file.sks; path = GameScene.sks; sourceTree = "<group>"; };
		B55E94D11BC53BCB002E67EF /* MyScene.h */ = {isa = PBXFileReference; fileEncoding = 4; lastKnownFileType = sourcecode.c.h; path = MyScene.h; sourceTree = "<group>"; };
		B55E94D21BC53BCB002E67EF /* MyScene.m */ = {isa = PBXFileReference; fileEncoding = 4; lastKnownFileType = sourcecode.c.objc; path = MyScene.m; sourceTree = "<group>"; };
		B55E94D31BC53BCB002E67EF /* ViewController.h */ = {isa = PBXFileReference; fileEncoding = 4; lastKnownFileType = sourcecode.c.h; path = ViewController.h; sourceTree = "<group>"; };
		B55E94D41BC53BCB002E67EF /* ViewController.m */ = {isa = PBXFileReference; fileEncoding = 4; lastKnownFileType = sourcecode.c.objc; path = ViewController.m; sourceTree = "<group>"; };
		B55E94D51BC53BCB002E67EF /* GameMenuViewController.h */ = {isa = PBXFileReference; fileEncoding = 4; lastKnownFileType = sourcecode.c.h; path = GameMenuViewController.h; sourceTree = "<group>"; };
		B55E94D61BC53BCB002E67EF /* GameMenuViewController.m */ = {isa = PBXFileReference; fileEncoding = 4; lastKnownFileType = sourcecode.c.objc; path = GameMenuViewController.m; sourceTree = "<group>"; };
		B55E94D71BC53BCB002E67EF /* GameViewController.h */ = {isa = PBXFileReference; fileEncoding = 4; lastKnownFileType = sourcecode.c.h; path = GameViewController.h; sourceTree = "<group>"; };
		B55E94D81BC53BCB002E67EF /* GameViewController.m */ = {isa = PBXFileReference; fileEncoding = 4; lastKnownFileType = sourcecode.c.objc; path = GameViewController.m; sourceTree = "<group>"; };
		B55E94D91BC53BCB002E67EF /* TextureHelper.h */ = {isa = PBXFileReference; fileEncoding = 4; lastKnownFileType = sourcecode.c.h; path = TextureHelper.h; sourceTree = "<group>"; };
		B55E94DA1BC53BCB002E67EF /* TextureHelper.m */ = {isa = PBXFileReference; fileEncoding = 4; lastKnownFileType = sourcecode.c.objc; path = TextureHelper.m; sourceTree = "<group>"; };
		B55E94DB1BC53BCB002E67EF /* SKBlade.h */ = {isa = PBXFileReference; fileEncoding = 4; lastKnownFileType = sourcecode.c.h; path = SKBlade.h; sourceTree = "<group>"; };
		B55E94DC1BC53BCB002E67EF /* SKBlade.m */ = {isa = PBXFileReference; fileEncoding = 4; lastKnownFileType = sourcecode.c.objc; path = SKBlade.m; sourceTree = "<group>"; };
		B55E94DD1BC53BCB002E67EF /* Main.storyboard */ = {isa = PBXFileReference; fileEncoding = 4; lastKnownFileType = file.storyboard; path = Main.storyboard; sourceTree = "<group>"; };
/* End PBXFileReference section */

/* Begin PBXFrameworksBuildPhase section */
		B55E93AC1BC4C86D002E67EF /* Frameworks */ = {
			isa = PBXFrameworksBuildPhase;
			buildActionMask = 2147483647;
			files = (
			);
			runOnlyForDeploymentPostprocessing = 0;
		};
		B55E93CA1BC4C86D002E67EF /* Frameworks */ = {
			isa = PBXFrameworksBuildPhase;
			buildActionMask = 2147483647;
			files = (
			);
			runOnlyForDeploymentPostprocessing = 0;
		};
/* End PBXFrameworksBuildPhase section */

/* Begin PBXGroup section */
		B55E93A61BC4C86D002E67EF = {
			isa = PBXGroup;
			children = (
				B55E93B11BC4C86D002E67EF /* Try_Infinity_Dodge */,
				B55E93D01BC4C86D002E67EF /* Try_Infinity_DodgeTests */,
				B55E93B01BC4C86D002E67EF /* Products */,
			);
			sourceTree = "<group>";
		};
		B55E93B01BC4C86D002E67EF /* Products */ = {
			isa = PBXGroup;
			children = (
				B55E93AF1BC4C86D002E67EF /* Try_Infinity_Dodge.app */,
				B55E93CD1BC4C86D002E67EF /* Try_Infinity_DodgeTests.xctest */,
			);
			name = Products;
			sourceTree = "<group>";
		};
		B55E93B11BC4C86D002E67EF /* Try_Infinity_Dodge */ = {
			isa = PBXGroup;
			children = (
				B55E93B61BC4C86D002E67EF /* AppDelegate.h */,
				B55E93B71BC4C86D002E67EF /* AppDelegate.m */,
				B55E94C41BC53BCA002E67EF /* GameCenterUtil.h */,
				B55E94C51BC53BCA002E67EF /* GameCenterUtil.m */,
				B55E94C61BC53BCA002E67EF /* MyUtils.h */,
				B55E94C71BC53BCA002E67EF /* MyUtils.m */,
				B55E94C81BC53BCA002E67EF /* MyADView.h */,
				B55E94C91BC53BCA002E67EF /* MyADView.m */,
				B55E94CA1BC53BCA002E67EF /* BitmapUtil.h */,
				B55E94CB1BC53BCA002E67EF /* BitmapUtil.m */,
				B55E94CC1BC53BCA002E67EF /* CommonUtil.h */,
				B55E94CD1BC53BCA002E67EF /* CommonUtil.m */,
				B55E94CE1BC53BCA002E67EF /* GameScene.h */,
				B55E94CF1BC53BCA002E67EF /* GameScene.m */,
				B55E94D01BC53BCA002E67EF /* GameScene.sks */,
				B55E94D11BC53BCB002E67EF /* MyScene.h */,
				B55E94D21BC53BCB002E67EF /* MyScene.m */,
				B55E94D31BC53BCB002E67EF /* ViewController.h */,
				B55E94D41BC53BCB002E67EF /* ViewController.m */,
				B55E94D51BC53BCB002E67EF /* GameMenuViewController.h */,
				B55E94D61BC53BCB002E67EF /* GameMenuViewController.m */,
				B55E94D71BC53BCB002E67EF /* GameViewController.h */,
				B55E94D81BC53BCB002E67EF /* GameViewController.m */,
				B55E94D91BC53BCB002E67EF /* TextureHelper.h */,
				B55E94DA1BC53BCB002E67EF /* TextureHelper.m */,
				B55E94DB1BC53BCB002E67EF /* SKBlade.h */,
				B55E94DC1BC53BCB002E67EF /* SKBlade.m */,
				B55E94DD1BC53BCB002E67EF /* Main.storyboard */,
				B55E93C11BC4C86D002E67EF /* Main.storyboard */,
				B55E93C41BC4C86D002E67EF /* Images.xcassets */,
				B55E93C61BC4C86D002E67EF /* LaunchScreen.xib */,
				B55E93B21BC4C86D002E67EF /* Supporting Files */,
			);
			path = Try_Infinity_Dodge;
			sourceTree = "<group>";
		};
		B55E93B21BC4C86D002E67EF /* Supporting Files */ = {
			isa = PBXGroup;
			children = (
				B55E93B31BC4C86D002E67EF /* Info.plist */,
				B55E93B41BC4C86D002E67EF /* main.m */,
			);
			name = "Supporting Files";
			sourceTree = "<group>";
		};
		B55E93D01BC4C86D002E67EF /* Try_Infinity_DodgeTests */ = {
			isa = PBXGroup;
			children = (
				B55E93D31BC4C86D002E67EF /* Try_Infinity_DodgeTests.m */,
				B55E93D11BC4C86D002E67EF /* Supporting Files */,
			);
			path = Try_Infinity_DodgeTests;
			sourceTree = "<group>";
		};
		B55E93D11BC4C86D002E67EF /* Supporting Files */ = {
			isa = PBXGroup;
			children = (
				B55E93D21BC4C86D002E67EF /* Info.plist */,
			);
			name = "Supporting Files";
			sourceTree = "<group>";
		};
/* End PBXGroup section */

/* Begin PBXNativeTarget section */
		B55E93AE1BC4C86D002E67EF /* Try_Infinity_Dodge */ = {
			isa = PBXNativeTarget;
			buildConfigurationList = B55E93D71BC4C86D002E67EF /* Build configuration list for PBXNativeTarget "Try_Infinity_Dodge" */;
			buildPhases = (
				B55E93AB1BC4C86D002E67EF /* Sources */,
				B55E93AC1BC4C86D002E67EF /* Frameworks */,
				B55E93AD1BC4C86D002E67EF /* Resources */,
			);
			buildRules = (
			);
			dependencies = (
			);
			name = Try_Infinity_Dodge;
			productName = Try_Infinity_Dodge;
			productReference = B55E93AF1BC4C86D002E67EF /* Try_Infinity_Dodge.app */;
			productType = "com.apple.product-type.application";
		};
		B55E93CC1BC4C86D002E67EF /* Try_Infinity_DodgeTests */ = {
			isa = PBXNativeTarget;
			buildConfigurationList = B55E93DA1BC4C86D002E67EF /* Build configuration list for PBXNativeTarget "Try_Infinity_DodgeTests" */;
			buildPhases = (
				B55E93C91BC4C86D002E67EF /* Sources */,
				B55E93CA1BC4C86D002E67EF /* Frameworks */,
				B55E93CB1BC4C86D002E67EF /* Resources */,
			);
			buildRules = (
			);
			dependencies = (
				B55E93CF1BC4C86D002E67EF /* PBXTargetDependency */,
			);
			name = Try_Infinity_DodgeTests;
			productName = Try_Infinity_DodgeTests;
			productReference = B55E93CD1BC4C86D002E67EF /* Try_Infinity_DodgeTests.xctest */;
			productType = "com.apple.product-type.bundle.unit-test";
		};
/* End PBXNativeTarget section */

/* Begin PBXProject section */
		B55E93A71BC4C86D002E67EF /* Project object */ = {
			isa = PBXProject;
			attributes = {
				LastUpgradeCheck = 0640;
				ORGANIZATIONNAME = irons;
				TargetAttributes = {
					B55E93AE1BC4C86D002E67EF = {
						CreatedOnToolsVersion = 6.4;
					};
					B55E93CC1BC4C86D002E67EF = {
						CreatedOnToolsVersion = 6.4;
						TestTargetID = B55E93AE1BC4C86D002E67EF;
					};
				};
			};
			buildConfigurationList = B55E93AA1BC4C86D002E67EF /* Build configuration list for PBXProject "Try_Infinity_Dodge" */;
			compatibilityVersion = "Xcode 3.2";
			developmentRegion = English;
			hasScannedForEncodings = 0;
			knownRegions = (
				en,
				Base,
			);
			mainGroup = B55E93A61BC4C86D002E67EF;
			productRefGroup = B55E93B01BC4C86D002E67EF /* Products */;
			projectDirPath = "";
			projectRoot = "";
			targets = (
				B55E93AE1BC4C86D002E67EF /* Try_Infinity_Dodge */,
				B55E93CC1BC4C86D002E67EF /* Try_Infinity_DodgeTests */,
			);
		};
/* End PBXProject section */

/* Begin PBXResourcesBuildPhase section */
		B55E93AD1BC4C86D002E67EF /* Resources */ = {
			isa = PBXResourcesBuildPhase;
			buildActionMask = 2147483647;
			files = (
				B55E93C81BC4C86D002E67EF /* LaunchScreen.xib in Resources */,
				B55E94E41BC53BCB002E67EF /* GameScene.sks in Resources */,
				B55E93C51BC4C86D002E67EF /* Images.xcassets in Resources */,
				B55E94EB1BC53BCB002E67EF /* Main.storyboard in Resources */,
				B55E93C31BC4C86D002E67EF /* Main.storyboard in Resources */,
			);
			runOnlyForDeploymentPostprocessing = 0;
		};
		B55E93CB1BC4C86D002E67EF /* Resources */ = {
			isa = PBXResourcesBuildPhase;
			buildActionMask = 2147483647;
			files = (
			);
			runOnlyForDeploymentPostprocessing = 0;
		};
/* End PBXResourcesBuildPhase section */

/* Begin PBXSourcesBuildPhase section */
		B55E93AB1BC4C86D002E67EF /* Sources */ = {
			isa = PBXSourcesBuildPhase;
			buildActionMask = 2147483647;
			files = (
				B55E94DE1BC53BCB002E67EF /* GameCenterUtil.m in Sources */,
				B55E94E51BC53BCB002E67EF /* MyScene.m in Sources */,
				B55E94E81BC53BCB002E67EF /* GameViewController.m in Sources */,
				B55E94E01BC53BCB002E67EF /* MyADView.m in Sources */,
				B55E94E31BC53BCB002E67EF /* GameScene.m in Sources */,
				B55E94E91BC53BCB002E67EF /* TextureHelper.m in Sources */,
				B55E94E11BC53BCB002E67EF /* BitmapUtil.m in Sources */,
				B55E94E71BC53BCB002E67EF /* GameMenuViewController.m in Sources */,
				B55E94E61BC53BCB002E67EF /* ViewController.m in Sources */,
				B55E94EA1BC53BCB002E67EF /* SKBlade.m in Sources */,
				B55E94E21BC53BCB002E67EF /* CommonUtil.m in Sources */,
				B55E93B81BC4C86D002E67EF /* AppDelegate.m in Sources */,
				B55E94DF1BC53BCB002E67EF /* MyUtils.m in Sources */,
				B55E93B51BC4C86D002E67EF /* main.m in Sources */,
			);
			runOnlyForDeploymentPostprocessing = 0;
		};
		B55E93C91BC4C86D002E67EF /* Sources */ = {
			isa = PBXSourcesBuildPhase;
			buildActionMask = 2147483647;
			files = (
				B55E93D41BC4C86D002E67EF /* Try_Infinity_DodgeTests.m in Sources */,
			);
			runOnlyForDeploymentPostprocessing = 0;
		};
/* End PBXSourcesBuildPhase section */

/* Begin PBXTargetDependency section */
		B55E93CF1BC4C86D002E67EF /* PBXTargetDependency */ = {
			isa = PBXTargetDependency;
			target = B55E93AE1BC4C86D002E67EF /* Try_Infinity_Dodge */;
			targetProxy = B55E93CE1BC4C86D002E67EF /* PBXContainerItemProxy */;
		};
/* End PBXTargetDependency section */

/* Begin PBXVariantGroup section */
		B55E93C11BC4C86D002E67EF /* Main.storyboard */ = {
			isa = PBXVariantGroup;
			children = (
				B55E93C21BC4C86D002E67EF /* Base */,
			);
			name = Main.storyboard;
			sourceTree = "<group>";
		};
		B55E93C61BC4C86D002E67EF /* LaunchScreen.xib */ = {
			isa = PBXVariantGroup;
			children = (
				B55E93C71BC4C86D002E67EF /* Base */,
			);
			name = LaunchScreen.xib;
			sourceTree = "<group>";
		};
/* End PBXVariantGroup section */

/* Begin XCBuildConfiguration section */
		B55E93D51BC4C86D002E67EF /* Debug */ = {
			isa = XCBuildConfiguration;
			buildSettings = {
				ALWAYS_SEARCH_USER_PATHS = NO;
				CLANG_CXX_LANGUAGE_STANDARD = "gnu++0x";
				CLANG_CXX_LIBRARY = "libc++";
				CLANG_ENABLE_MODULES = YES;
				CLANG_ENABLE_OBJC_ARC = YES;
				CLANG_WARN_BOOL_CONVERSION = YES;
				CLANG_WARN_CONSTANT_CONVERSION = YES;
				CLANG_WARN_DIRECT_OBJC_ISA_USAGE = YES_ERROR;
				CLANG_WARN_EMPTY_BODY = YES;
				CLANG_WARN_ENUM_CONVERSION = YES;
				CLANG_WARN_INT_CONVERSION = YES;
				CLANG_WARN_OBJC_ROOT_CLASS = YES_ERROR;
				CLANG_WARN_UNREACHABLE_CODE = YES;
				CLANG_WARN__DUPLICATE_METHOD_MATCH = YES;
				"CODE_SIGN_IDENTITY[sdk=iphoneos*]" = "iPhone Developer";
				COPY_PHASE_STRIP = NO;
				DEBUG_INFORMATION_FORMAT = "dwarf-with-dsym";
				ENABLE_STRICT_OBJC_MSGSEND = YES;
				GCC_C_LANGUAGE_STANDARD = gnu99;
				GCC_DYNAMIC_NO_PIC = NO;
				GCC_NO_COMMON_BLOCKS = YES;
				GCC_OPTIMIZATION_LEVEL = 0;
				GCC_PREPROCESSOR_DEFINITIONS = (
					"DEBUG=1",
					"$(inherited)",
				);
				GCC_SYMBOLS_PRIVATE_EXTERN = NO;
				GCC_WARN_64_TO_32_BIT_CONVERSION = YES;
				GCC_WARN_ABOUT_RETURN_TYPE = YES_ERROR;
				GCC_WARN_UNDECLARED_SELECTOR = YES;
				GCC_WARN_UNINITIALIZED_AUTOS = YES_AGGRESSIVE;
				GCC_WARN_UNUSED_FUNCTION = YES;
				GCC_WARN_UNUSED_VARIABLE = YES;
				IPHONEOS_DEPLOYMENT_TARGET = 8.4;
				MTL_ENABLE_DEBUG_INFO = YES;
				ONLY_ACTIVE_ARCH = YES;
				SDKROOT = iphoneos;
			};
			name = Debug;
		};
		B55E93D61BC4C86D002E67EF /* Release */ = {
			isa = XCBuildConfiguration;
			buildSettings = {
				ALWAYS_SEARCH_USER_PATHS = NO;
				CLANG_CXX_LANGUAGE_STANDARD = "gnu++0x";
				CLANG_CXX_LIBRARY = "libc++";
				CLANG_ENABLE_MODULES = YES;
				CLANG_ENABLE_OBJC_ARC = YES;
				CLANG_WARN_BOOL_CONVERSION = YES;
				CLANG_WARN_CONSTANT_CONVERSION = YES;
				CLANG_WARN_DIRECT_OBJC_ISA_USAGE = YES_ERROR;
				CLANG_WARN_EMPTY_BODY = YES;
				CLANG_WARN_ENUM_CONVERSION = YES;
				CLANG_WARN_INT_CONVERSION = YES;
				CLANG_WARN_OBJC_ROOT_CLASS = YES_ERROR;
				CLANG_WARN_UNREACHABLE_CODE = YES;
				CLANG_WARN__DUPLICATE_METHOD_MATCH = YES;
				"CODE_SIGN_IDENTITY[sdk=iphoneos*]" = "iPhone Developer";
				COPY_PHASE_STRIP = NO;
				DEBUG_INFORMATION_FORMAT = "dwarf-with-dsym";
				ENABLE_NS_ASSERTIONS = NO;
				ENABLE_STRICT_OBJC_MSGSEND = YES;
				GCC_C_LANGUAGE_STANDARD = gnu99;
				GCC_NO_COMMON_BLOCKS = YES;
				GCC_WARN_64_TO_32_BIT_CONVERSION = YES;
				GCC_WARN_ABOUT_RETURN_TYPE = YES_ERROR;
				GCC_WARN_UNDECLARED_SELECTOR = YES;
				GCC_WARN_UNINITIALIZED_AUTOS = YES_AGGRESSIVE;
				GCC_WARN_UNUSED_FUNCTION = YES;
				GCC_WARN_UNUSED_VARIABLE = YES;
				IPHONEOS_DEPLOYMENT_TARGET = 8.4;
				MTL_ENABLE_DEBUG_INFO = NO;
				SDKROOT = iphoneos;
				VALIDATE_PRODUCT = YES;
			};
			name = Release;
		};
		B55E93D81BC4C86D002E67EF /* Debug */ = {
			isa = XCBuildConfiguration;
			buildSettings = {
				ASSETCATALOG_COMPILER_APPICON_NAME = AppIcon;
				INFOPLIST_FILE = Try_Infinity_Dodge/Info.plist;
				LD_RUNPATH_SEARCH_PATHS = "$(inherited) @executable_path/Frameworks";
				PRODUCT_NAME = "$(TARGET_NAME)";
			};
			name = Debug;
		};
		B55E93D91BC4C86D002E67EF /* Release */ = {
			isa = XCBuildConfiguration;
			buildSettings = {
				ASSETCATALOG_COMPILER_APPICON_NAME = AppIcon;
				INFOPLIST_FILE = Try_Infinity_Dodge/Info.plist;
				LD_RUNPATH_SEARCH_PATHS = "$(inherited) @executable_path/Frameworks";
				PRODUCT_NAME = "$(TARGET_NAME)";
			};
			name = Release;
		};
		B55E93DB1BC4C86D002E67EF /* Debug */ = {
			isa = XCBuildConfiguration;
			buildSettings = {
				BUNDLE_LOADER = "$(TEST_HOST)";
				FRAMEWORK_SEARCH_PATHS = (
					"$(SDKROOT)/Developer/Library/Frameworks",
					"$(inherited)",
				);
				GCC_PREPROCESSOR_DEFINITIONS = (
					"DEBUG=1",
					"$(inherited)",
				);
				INFOPLIST_FILE = Try_Infinity_DodgeTests/Info.plist;
				LD_RUNPATH_SEARCH_PATHS = "$(inherited) @executable_path/Frameworks @loader_path/Frameworks";
				PRODUCT_NAME = "$(TARGET_NAME)";
				TEST_HOST = "$(BUILT_PRODUCTS_DIR)/Try_Infinity_Dodge.app/Try_Infinity_Dodge";
			};
			name = Debug;
		};
		B55E93DC1BC4C86D002E67EF /* Release */ = {
			isa = XCBuildConfiguration;
			buildSettings = {
				BUNDLE_LOADER = "$(TEST_HOST)";
				FRAMEWORK_SEARCH_PATHS = (
					"$(SDKROOT)/Developer/Library/Frameworks",
					"$(inherited)",
				);
				INFOPLIST_FILE = Try_Infinity_DodgeTests/Info.plist;
				LD_RUNPATH_SEARCH_PATHS = "$(inherited) @executable_path/Frameworks @loader_path/Frameworks";
				PRODUCT_NAME = "$(TARGET_NAME)";
				TEST_HOST = "$(BUILT_PRODUCTS_DIR)/Try_Infinity_Dodge.app/Try_Infinity_Dodge";
			};
			name = Release;
		};
/* End XCBuildConfiguration section */

/* Begin XCConfigurationList section */
		B55E93AA1BC4C86D002E67EF /* Build configuration list for PBXProject "Try_Infinity_Dodge" */ = {
			isa = XCConfigurationList;
			buildConfigurations = (
				B55E93D51BC4C86D002E67EF /* Debug */,
				B55E93D61BC4C86D002E67EF /* Release */,
			);
			defaultConfigurationIsVisible = 0;
			defaultConfigurationName = Release;
		};
		B55E93D71BC4C86D002E67EF /* Build configuration list for PBXNativeTarget "Try_Infinity_Dodge" */ = {
			isa = XCConfigurationList;
			buildConfigurations = (
				B55E93D81BC4C86D002E67EF /* Debug */,
				B55E93D91BC4C86D002E67EF /* Release */,
			);
			defaultConfigurationIsVisible = 0;
			defaultConfigurationName = Release;
		};
		B55E93DA1BC4C86D002E67EF /* Build configuration list for PBXNativeTarget "Try_Infinity_DodgeTests" */ = {
			isa = XCConfigurationList;
			buildConfigurations = (
				B55E93DB1BC4C86D002E67EF /* Debug */,
				B55E93DC1BC4C86D002E67EF /* Release */,
			);
			defaultConfigurationIsVisible = 0;
			defaultConfigurationName = Release;
		};
/* End XCConfigurationList section */
	};
	rootObject = B55E93A71BC4C86D002E67EF /* Project object */;
}
